// !$*UTF8*$!
{
	archiveVersion = 1;
	classes = {
	};
	objectVersion = 46;
	objects = {

/* Begin PBXBuildFile section */
		D8B69E761BAD4A9C00768F3D /* AppDelegate.swift in Sources */ = {isa = PBXBuildFile; fileRef = D8B69E751BAD4A9C00768F3D /* AppDelegate.swift */; };
		D8B69E781BAD4A9C00768F3D /* ViewController.swift in Sources */ = {isa = PBXBuildFile; fileRef = D8B69E771BAD4A9C00768F3D /* ViewController.swift */; };
		D8B69E7B1BAD4A9C00768F3D /* Main.storyboard in Resources */ = {isa = PBXBuildFile; fileRef = D8B69E791BAD4A9C00768F3D /* Main.storyboard */; };
		D8B69E7D1BAD4A9C00768F3D /* Images.xcassets in Resources */ = {isa = PBXBuildFile; fileRef = D8B69E7C1BAD4A9C00768F3D /* Images.xcassets */; };
		D8B69E801BAD4A9C00768F3D /* LaunchScreen.xib in Resources */ = {isa = PBXBuildFile; fileRef = D8B69E7E1BAD4A9C00768F3D /* LaunchScreen.xib */; };
		D8B69E8C1BAD4A9C00768F3D /* Play_and_Pause_Audio_DemoTests.swift in Sources */ = {isa = PBXBuildFile; fileRef = D8B69E8B1BAD4A9C00768F3D /* Play_and_Pause_Audio_DemoTests.swift */; };
		D8B69E961BAD4AC900768F3D /* Luka-Intro.m4a in Resources */ = {isa = PBXBuildFile; fileRef = D8B69E951BAD4AC900768F3D /* Luka-Intro.m4a */; };
/* End PBXBuildFile section */

/* Begin PBXContainerItemProxy section */
		D8B69E861BAD4A9C00768F3D /* PBXContainerItemProxy */ = {
			isa = PBXContainerItemProxy;
			containerPortal = D8B69E681BAD4A9C00768F3D /* Project object */;
			proxyType = 1;
			remoteGlobalIDString = D8B69E6F1BAD4A9C00768F3D;
			remoteInfo = "Play and Pause Audio Demo";
		};
/* End PBXContainerItemProxy section */

/* Begin PBXFileReference section */
		D8B69E701BAD4A9C00768F3D /* Play and Pause Audio Demo.app */ = {isa = PBXFileReference; explicitFileType = wrapper.application; includeInIndex = 0; path = "Play and Pause Audio Demo.app"; sourceTree = BUILT_PRODUCTS_DIR; };
		D8B69E741BAD4A9C00768F3D /* Info.plist */ = {isa = PBXFileReference; lastKnownFileType = text.plist.xml; path = Info.plist; sourceTree = "<group>"; };
		D8B69E751BAD4A9C00768F3D /* AppDelegate.swift */ = {isa = PBXFileReference; lastKnownFileType = sourcecode.swift; path = AppDelegate.swift; sourceTree = "<group>"; };
		D8B69E771BAD4A9C00768F3D /* ViewController.swift */ = {isa = PBXFileReference; lastKnownFileType = sourcecode.swift; path = ViewController.swift; sourceTree = "<group>"; };
		D8B69E7A1BAD4A9C00768F3D /* Base */ = {isa = PBXFileReference; lastKnownFileType = file.storyboard; name = Base; path = Base.lproj/Main.storyboard; sourceTree = "<group>"; };
		D8B69E7C1BAD4A9C00768F3D /* Images.xcassets */ = {isa = PBXFileReference; lastKnownFileType = folder.assetcatalog; path = Images.xcassets; sourceTree = "<group>"; };
		D8B69E7F1BAD4A9C00768F3D /* Base */ = {isa = PBXFileReference; lastKnownFileType = file.xib; name = Base; path = Base.lproj/LaunchScreen.xib; sourceTree = "<group>"; };
		D8B69E851BAD4A9C00768F3D /* Play and Pause Audio DemoTests.xctest */ = {isa = PBXFileReference; explicitFileType = wrapper.cfbundle; includeInIndex = 0; path = "Play and Pause Audio DemoTests.xctest"; sourceTree = BUILT_PRODUCTS_DIR; };
		D8B69E8A1BAD4A9C00768F3D /* Info.plist */ = {isa = PBXFileReference; lastKnownFileType = text.plist.xml; path = Info.plist; sourceTree = "<group>"; };
		D8B69E8B1BAD4A9C00768F3D /* Play_and_Pause_Audio_DemoTests.swift */ = {isa = PBXFileReference; lastKnownFileType = sourcecode.swift; path = Play_and_Pause_Audio_DemoTests.swift; sourceTree = "<group>"; };
		D8B69E951BAD4AC900768F3D /* Luka-Intro.m4a */ = {isa = PBXFileReference; lastKnownFileType = file; name = "Luka-Intro.m4a"; path = "../Luka-Intro.m4a"; sourceTree = "<group>"; };
/* End PBXFileReference section */

/* Begin PBXFrameworksBuildPhase section */
		D8B69E6D1BAD4A9C00768F3D /* Frameworks */ = {
			isa = PBXFrameworksBuildPhase;
			buildActionMask = 2147483647;
			files = (
			);
			runOnlyForDeploymentPostprocessing = 0;
		};
		D8B69E821BAD4A9C00768F3D /* Frameworks */ = {
			isa = PBXFrameworksBuildPhase;
			buildActionMask = 2147483647;
			files = (
			);
			runOnlyForDeploymentPostprocessing = 0;
		};
/* End PBXFrameworksBuildPhase section */

/* Begin PBXGroup section */
		D8B69E671BAD4A9C00768F3D = {
			isa = PBXGroup;
			children = (
				D8B69E721BAD4A9C00768F3D /* Play and Pause Audio Demo */,
				D8B69E881BAD4A9C00768F3D /* Play and Pause Audio DemoTests */,
				D8B69E711BAD4A9C00768F3D /* Products */,
			);
			sourceTree = "<group>";
		};
		D8B69E711BAD4A9C00768F3D /* Products */ = {
			isa = PBXGroup;
			children = (
				D8B69E701BAD4A9C00768F3D /* Play and Pause Audio Demo.app */,
				D8B69E851BAD4A9C00768F3D /* Play and Pause Audio DemoTests.xctest */,
			);
			name = Products;
			sourceTree = "<group>";
		};
		D8B69E721BAD4A9C00768F3D /* Play and Pause Audio Demo */ = {
			isa = PBXGroup;
			children = (
				D8B69E751BAD4A9C00768F3D /* AppDelegate.swift */,
				D8B69E771BAD4A9C00768F3D /* ViewController.swift */,
				D8B69E791BAD4A9C00768F3D /* Main.storyboard */,
				D8B69E7C1BAD4A9C00768F3D /* Images.xcassets */,
				D8B69E951BAD4AC900768F3D /* Luka-Intro.m4a */,
				D8B69E7E1BAD4A9C00768F3D /* LaunchScreen.xib */,
				D8B69E731BAD4A9C00768F3D /* Supporting Files */,
			);
			path = "Play and Pause Audio Demo";
			sourceTree = "<group>";
		};
		D8B69E731BAD4A9C00768F3D /* Supporting Files */ = {
			isa = PBXGroup;
			children = (
				D8B69E741BAD4A9C00768F3D /* Info.plist */,
			);
			name = "Supporting Files";
			sourceTree = "<group>";
		};
		D8B69E881BAD4A9C00768F3D /* Play and Pause Audio DemoTests */ = {
			isa = PBXGroup;
			children = (
				D8B69E8B1BAD4A9C00768F3D /* Play_and_Pause_Audio_DemoTests.swift */,
				D8B69E891BAD4A9C00768F3D /* Supporting Files */,
			);
			path = "Play and Pause Audio DemoTests";
			sourceTree = "<group>";
		};
		D8B69E891BAD4A9C00768F3D /* Supporting Files */ = {
			isa = PBXGroup;
			children = (
				D8B69E8A1BAD4A9C00768F3D /* Info.plist */,
			);
			name = "Supporting Files";
			sourceTree = "<group>";
		};
/* End PBXGroup section */

/* Begin PBXNativeTarget section */
		D8B69E6F1BAD4A9C00768F3D /* Play and Pause Audio Demo */ = {
			isa = PBXNativeTarget;
			buildConfigurationList = D8B69E8F1BAD4A9C00768F3D /* Build configuration list for PBXNativeTarget "Play and Pause Audio Demo" */;
			buildPhases = (
				D8B69E6C1BAD4A9C00768F3D /* Sources */,
				D8B69E6D1BAD4A9C00768F3D /* Frameworks */,
				D8B69E6E1BAD4A9C00768F3D /* Resources */,
			);
			buildRules = (
			);
			dependencies = (
			);
			name = "Play and Pause Audio Demo";
			productName = "Play and Pause Audio Demo";
			productReference = D8B69E701BAD4A9C00768F3D /* Play and Pause Audio Demo.app */;
			productType = "com.apple.product-type.application";
		};
		D8B69E841BAD4A9C00768F3D /* Play and Pause Audio DemoTests */ = {
			isa = PBXNativeTarget;
			buildConfigurationList = D8B69E921BAD4A9C00768F3D /* Build configuration list for PBXNativeTarget "Play and Pause Audio DemoTests" */;
			buildPhases = (
				D8B69E811BAD4A9C00768F3D /* Sources */,
				D8B69E821BAD4A9C00768F3D /* Frameworks */,
				D8B69E831BAD4A9C00768F3D /* Resources */,
			);
			buildRules = (
			);
			dependencies = (
				D8B69E871BAD4A9C00768F3D /* PBXTargetDependency */,
			);
			name = "Play and Pause Audio DemoTests";
			productName = "Play and Pause Audio DemoTests";
			productReference = D8B69E851BAD4A9C00768F3D /* Play and Pause Audio DemoTests.xctest */;
			productType = "com.apple.product-type.bundle.unit-test";
		};
/* End PBXNativeTarget section */

/* Begin PBXProject section */
		D8B69E681BAD4A9C00768F3D /* Project object */ = {
			isa = PBXProject;
			attributes = {
				LastUpgradeCheck = 0640;
				ORGANIZATIONNAME = WaterfallDeveloper;
				TargetAttributes = {
					D8B69E6F1BAD4A9C00768F3D = {
						CreatedOnToolsVersion = 6.4;
					};
					D8B69E841BAD4A9C00768F3D = {
						CreatedOnToolsVersion = 6.4;
						TestTargetID = D8B69E6F1BAD4A9C00768F3D;
					};
				};
			};
			buildConfigurationList = D8B69E6B1BAD4A9C00768F3D /* Build configuration list for PBXProject "Play and Pause Audio Demo" */;
			compatibilityVersion = "Xcode 3.2";
			developmentRegion = English;
			hasScannedForEncodings = 0;
			knownRegions = (
				en,
				Base,
			);
			mainGroup = D8B69E671BAD4A9C00768F3D;
			productRefGroup = D8B69E711BAD4A9C00768F3D /* Products */;
			projectDirPath = "";
			projectRoot = "";
			targets = (
				D8B69E6F1BAD4A9C00768F3D /* Play and Pause Audio Demo */,
				D8B69E841BAD4A9C00768F3D /* Play and Pause Audio DemoTests */,
			);
		};
/* End PBXProject section */

/* Begin PBXResourcesBuildPhase section */
		D8B69E6E1BAD4A9C00768F3D /* Resources */ = {
			isa = PBXResourcesBuildPhase;
			buildActionMask = 2147483647;
			files = (
				D8B69E961BAD4AC900768F3D /* Luka-Intro.m4a in Resources */,
				D8B69E7B1BAD4A9C00768F3D /* Main.storyboard in Resources */,
				D8B69E801BAD4A9C00768F3D /* LaunchScreen.xib in Resources */,
				D8B69E7D1BAD4A9C00768F3D /* Images.xcassets in Resources */,
			);
			runOnlyForDeploymentPostprocessing = 0;
		};
		D8B69E831BAD4A9C00768F3D /* Resources */ = {
			isa = PBXResourcesBuildPhase;
			buildActionMask = 2147483647;
			files = (
			);
			runOnlyForDeploymentPostprocessing = 0;
		};
/* End PBXResourcesBuildPhase section */

/* Begin PBXSourcesBuildPhase section */
		D8B69E6C1BAD4A9C00768F3D /* Sources */ = {
			isa = PBXSourcesBuildPhase;
			buildActionMask = 2147483647;
			files = (
				D8B69E781BAD4A9C00768F3D /* ViewController.swift in Sources */,
				D8B69E761BAD4A9C00768F3D /* AppDelegate.swift in Sources */,
			);
			runOnlyForDeploymentPostprocessing = 0;
		};
		D8B69E811BAD4A9C00768F3D /* Sources */ = {
			isa = PBXSourcesBuildPhase;
			buildActionMask = 2147483647;
			files = (
				D8B69E8C1BAD4A9C00768F3D /* Play_and_Pause_Audio_DemoTests.swift in Sources */,
			);
			runOnlyForDeploymentPostprocessing = 0;
		};
/* End PBXSourcesBuildPhase section */

/* Begin PBXTargetDependency section */
		D8B69E871BAD4A9C00768F3D /* PBXTargetDependency */ = {
			isa = PBXTargetDependency;
			target = D8B69E6F1BAD4A9C00768F3D /* Play and Pause Audio Demo */;
			targetProxy = D8B69E861BAD4A9C00768F3D /* PBXContainerItemProxy */;
		};
/* End PBXTargetDependency section */

/* Begin PBXVariantGroup section */
		D8B69E791BAD4A9C00768F3D /* Main.storyboard */ = {
			isa = PBXVariantGroup;
			children = (
				D8B69E7A1BAD4A9C00768F3D /* Base */,
			);
			name = Main.storyboard;
			sourceTree = "<group>";
		};
		D8B69E7E1BAD4A9C00768F3D /* LaunchScreen.xib */ = {
			isa = PBXVariantGroup;
			children = (
				D8B69E7F1BAD4A9C00768F3D /* Base */,
			);
			name = LaunchScreen.xib;
			sourceTree = "<group>";
		};
/* End PBXVariantGroup section */

/* Begin XCBuildConfiguration section */
		D8B69E8D1BAD4A9C00768F3D /* Debug */ = {
			isa = XCBuildConfiguration;
			buildSettings = {
				ALWAYS_SEARCH_USER_PATHS = NO;
				CLANG_CXX_LANGUAGE_STANDARD = "gnu++0x";
				CLANG_CXX_LIBRARY = "libc++";
				CLANG_ENABLE_MODULES = YES;
				CLANG_ENABLE_OBJC_ARC = YES;
				CLANG_WARN_BOOL_CONVERSION = YES;
				CLANG_WARN_CONSTANT_CONVERSION = YES;
				CLANG_WARN_DIRECT_OBJC_ISA_USAGE = YES_ERROR;
				CLANG_WARN_EMPTY_BODY = YES;
				CLANG_WARN_ENUM_CONVERSION = YES;
				CLANG_WARN_INT_CONVERSION = YES;
				CLANG_WARN_OBJC_ROOT_CLASS = YES_ERROR;
				CLANG_WARN_UNREACHABLE_CODE = YES;
				CLANG_WARN__DUPLICATE_METHOD_MATCH = YES;
				"CODE_SIGN_IDENTITY[sdk=iphoneos*]" = "iPhone Developer";
				COPY_PHASE_STRIP = NO;
				DEBUG_INFORMATION_FORMAT = "dwarf-with-dsym";
				ENABLE_STRICT_OBJC_MSGSEND = YES;
				GCC_C_LANGUAGE_STANDARD = gnu99;
				GCC_DYNAMIC_NO_PIC = NO;
				GCC_NO_COMMON_BLOCKS = YES;
				GCC_OPTIMIZATION_LEVEL = 0;
				GCC_PREPROCESSOR_DEFINITIONS = (
					"DEBUG=1",
					"$(inherited)",
				);
				GCC_SYMBOLS_PRIVATE_EXTERN = NO;
				GCC_WARN_64_TO_32_BIT_CONVERSION = YES;
				GCC_WARN_ABOUT_RETURN_TYPE = YES_ERROR;
				GCC_WARN_UNDECLARED_SELECTOR = YES;
				GCC_WARN_UNINITIALIZED_AUTOS = YES_AGGRESSIVE;
				GCC_WARN_UNUSED_FUNCTION = YES;
				GCC_WARN_UNUSED_VARIABLE = YES;
				IPHONEOS_DEPLOYMENT_TARGET = 8.4;
				MTL_ENABLE_DEBUG_INFO = YES;
				ONLY_ACTIVE_ARCH = YES;
				SDKROOT = iphoneos;
				SWIFT_OPTIMIZATION_LEVEL = "-Onone";
			};
			name = Debug;
		};
		D8B69E8E1BAD4A9C00768F3D /* Release */ = {
			isa = XCBuildConfiguration;
			buildSettings = {
				ALWAYS_SEARCH_USER_PATHS = NO;
				CLANG_CXX_LANGUAGE_STANDARD = "gnu++0x";
				CLANG_CXX_LIBRARY = "libc++";
				CLANG_ENABLE_MODULES = YES;
				CLANG_ENABLE_OBJC_ARC = YES;
				CLANG_WARN_BOOL_CONVERSION = YES;
				CLANG_WARN_CONSTANT_CONVERSION = YES;
				CLANG_WARN_DIRECT_OBJC_ISA_USAGE = YES_ERROR;
				CLANG_WARN_EMPTY_BODY = YES;
				CLANG_WARN_ENUM_CONVERSION = YES;
				CLANG_WARN_INT_CONVERSION = YES;
				CLANG_WARN_OBJC_ROOT_CLASS = YES_ERROR;
				CLANG_WARN_UNREACHABLE_CODE = YES;
				CLANG_WARN__DUPLICATE_METHOD_MATCH = YES;
				"CODE_SIGN_IDENTITY[sdk=iphoneos*]" = "iPhone Developer";
				COPY_PHASE_STRIP = NO;
				DEBUG_INFORMATION_FORMAT = "dwarf-with-dsym";
				ENABLE_NS_ASSERTIONS = NO;
				ENABLE_STRICT_OBJC_MSGSEND = YES;
				GCC_C_LANGUAGE_STANDARD = gnu99;
				GCC_NO_COMMON_BLOCKS = YES;
				GCC_WARN_64_TO_32_BIT_CONVERSION = YES;
				GCC_WARN_ABOUT_RETURN_TYPE = YES_ERROR;
				GCC_WARN_UNDECLARED_SELECTOR = YES;
				GCC_WARN_UNINITIALIZED_AUTOS = YES_AGGRESSIVE;
				GCC_WARN_UNUSED_FUNCTION = YES;
				GCC_WARN_UNUSED_VARIABLE = YES;
				IPHONEOS_DEPLOYMENT_TARGET = 8.4;
				MTL_ENABLE_DEBUG_INFO = NO;
				SDKROOT = iphoneos;
				VALIDATE_PRODUCT = YES;
			};
			name = Release;
		};
		D8B69E901BAD4A9C00768F3D /* Debug */ = {
			isa = XCBuildConfiguration;
			buildSettings = {
				ASSETCATALOG_COMPILER_APPICON_NAME = AppIcon;
				INFOPLIST_FILE = "Play and Pause Audio Demo/Info.plist";
				LD_RUNPATH_SEARCH_PATHS = "$(inherited) @executable_path/Frameworks";
				PRODUCT_NAME = "$(TARGET_NAME)";
			};
			name = Debug;
		};
		D8B69E911BAD4A9C00768F3D /* Release */ = {
			isa = XCBuildConfiguration;
			buildSettings = {
				ASSETCATALOG_COMPILER_APPICON_NAME = AppIcon;
				INFOPLIST_FILE = "Play and Pause Audio Demo/Info.plist";
				LD_RUNPATH_SEARCH_PATHS = "$(inherited) @executable_path/Frameworks";
				PRODUCT_NAME = "$(TARGET_NAME)";
			};
			name = Release;
		};
		D8B69E931BAD4A9C00768F3D /* Debug */ = {
			isa = XCBuildConfiguration;
			buildSettings = {
				BUNDLE_LOADER = "$(TEST_HOST)";
				FRAMEWORK_SEARCH_PATHS = (
					"$(SDKROOT)/Developer/Library/Frameworks",
					"$(inherited)",
				);
				GCC_PREPROCESSOR_DEFINITIONS = (
					"DEBUG=1",
					"$(inherited)",
				);
				INFOPLIST_FILE = "Play and Pause Audio DemoTests/Info.plist";
				LD_RUNPATH_SEARCH_PATHS = "$(inherited) @executable_path/Frameworks @loader_path/Frameworks";
				PRODUCT_NAME = "$(TARGET_NAME)";
				TEST_HOST = "$(BUILT_PRODUCTS_DIR)/Play and Pause Audio Demo.app/Play and Pause Audio Demo";
			};
			name = Debug;
		};
		D8B69E941BAD4A9C00768F3D /* Release */ = {
			isa = XCBuildConfiguration;
			buildSettings = {
				BUNDLE_LOADER = "$(TEST_HOST)";
				FRAMEWORK_SEARCH_PATHS = (
					"$(SDKROOT)/Developer/Library/Frameworks",
					"$(inherited)",
				);
				INFOPLIST_FILE = "Play and Pause Audio DemoTests/Info.plist";
				LD_RUNPATH_SEARCH_PATHS = "$(inherited) @executable_path/Frameworks @loader_path/Frameworks";
				PRODUCT_NAME = "$(TARGET_NAME)";
				TEST_HOST = "$(BUILT_PRODUCTS_DIR)/Play and Pause Audio Demo.app/Play and Pause Audio Demo";
			};
			name = Release;
		};
/* End XCBuildConfiguration section */

/* Begin XCConfigurationList section */
		D8B69E6B1BAD4A9C00768F3D /* Build configuration list for PBXProject "Play and Pause Audio Demo" */ = {
			isa = XCConfigurationList;
			buildConfigurations = (
				D8B69E8D1BAD4A9C00768F3D /* Debug */,
				D8B69E8E1BAD4A9C00768F3D /* Release */,
			);
			defaultConfigurationIsVisible = 0;
			defaultConfigurationName = Release;
		};
		D8B69E8F1BAD4A9C00768F3D /* Build configuration list for PBXNativeTarget "Play and Pause Audio Demo" */ = {
			isa = XCConfigurationList;
			buildConfigurations = (
				D8B69E901BAD4A9C00768F3D /* Debug */,
				D8B69E911BAD4A9C00768F3D /* Release */,
			);
			defaultConfigurationIsVisible = 0;
		};
		D8B69E921BAD4A9C00768F3D /* Build configuration list for PBXNativeTarget "Play and Pause Audio DemoTests" */ = {
			isa = XCConfigurationList;
			buildConfigurations = (
				D8B69E931BAD4A9C00768F3D /* Debug */,
				D8B69E941BAD4A9C00768F3D /* Release */,
			);
			defaultConfigurationIsVisible = 0;
		};
/* End XCConfigurationList section */
	};
	rootObject = D8B69E681BAD4A9C00768F3D /* Project object */;
}
